# THIS IS AN AUTOGENERATED FILE. DO NOT EDIT THIS FILE DIRECTLY.
# yarn lockfile v1


picnic@^6.5.2:
  version "6.5.2"
  resolved "https://registry.yarnpkg.com/picnic/-/picnic-6.5.2.tgz#3c307b1556eeed3da4fe63a18d9f1ef77690ecec"
  integrity sha512-USH4JQiJVxrdW5vmFd5Ko1LSncCv6pzHj2Fujule64PZssB6VqZ569mfB4XDDs8dKN/KiezQ+Vvnft4/VLX7mA==
